<?xml version="1.0" encoding="utf-8"?>
<Project ToolsVersion="4.0" xmlns="http://schemas.microsoft.com/developer/msbuild/2003">
  <ItemGroup>
    <Filter Include="源文件">
      <UniqueIdentifier>{4FC737F1-C7A5-4376-A066-2A32D752A2FF}</UniqueIdentifier>
      <Extensions>cpp;c;cc;cxx;c++;def;odl;idl;hpj;bat;asm;asmx</Extensions>
    </Filter>
    <Filter Include="头文件">
      <UniqueIdentifier>{93995380-89BD-4b04-88EB-625FBE52EBFB}</UniqueIdentifier>
      <Extensions>h;hh;hpp;hxx;h++;hm;inl;inc;ipp;xsd</Extensions>
    </Filter>
    <Filter Include="资源文件">
      <UniqueIdentifier>{67DA6AB6-F800-4c08-8B7A-83BB121AAD01}</UniqueIdentifier>
      <Extensions>rc;ico;cur;bmp;dlg;rc2;rct;bin;rgs;gif;jpg;jpeg;jpe;resx;tiff;tif;png;wav;mfcribbon-ms</Extensions>
    </Filter>
    <Filter Include="头文件\ColorfulConsole">
      <UniqueIdentifier>{c2e872de-97bc-45a3-944f-364022bf657e}</UniqueIdentifier>
    </Filter>
    <Filter Include="源文件\ColorfulConsole">
      <UniqueIdentifier>{ee6281df-5d98-4bde-b7cf-c2b7ae636f59}</UniqueIdentifier>
    </Filter>
    <Filter Include="头文件\polyfit">
      <UniqueIdentifier>{0e12e31f-1d9f-4ab5-b65a-2c45f8a7869f}</UniqueIdentifier>
    </Filter>
    <Filter Include="源文件\polyfit">
      <UniqueIdentifier>{7346c350-879e-46e9-91a5-9535316eed51}</UniqueIdentifier>
    </Filter>
    <Filter Include="源文件\json">
      <UniqueIdentifier>{a659799c-0673-492a-b99f-ec8eeae7ce7b}</UniqueIdentifier>
    </Filter>
  </ItemGroup>
  <ItemGroup>
    <ClCompile Include="ColorfulConsole\Color.cpp">
      <Filter>源文件\ColorfulConsole</Filter>
    </ClCompile>
    <ClCompile Include="ColorfulConsole\ForeColorProxy.cpp">
      <Filter>源文件\ColorfulConsole</Filter>
    </ClCompile>
    <ClCompile Include="ColorfulConsole\GlobalEnvironment.cpp">
      <Filter>源文件\ColorfulConsole</Filter>
    </ClCompile>
    <ClCompile Include="ColorfulConsole\TextAttribute.cpp">
      <Filter>源文件\ColorfulConsole</Filter>
    </ClCompile>
    <ClCompile Include="ColorfulConsole\TextAttrSetter.cpp">
      <Filter>源文件\ColorfulConsole</Filter>
    </ClCompile>
    <ClCompile Include="main.cpp">
      <Filter>源文件</Filter>
    </ClCompile>
    <ClCompile Include="Config.cpp">
      <Filter>源文件</Filter>
    </ClCompile>
    <ClCompile Include="ColorwithJSON.h">
      <Filter>头文件</Filter>
    </ClCompile>
    <ClCompile Include="ColorwithJSON.cpp">
      <Filter>源文件</Filter>
    </ClCompile>
    <ClCompile Include="FileIO.cpp">
      <Filter>源文件</Filter>
    </ClCompile>
    <ClCompile Include="PolyFuncData.cpp">
      <Filter>源文件</Filter>
    </ClCompile>
    <ClCompile Include="ColorfulConsole\CloEscString.cpp">
      <Filter>源文件\ColorfulConsole</Filter>
    </ClCompile>
    <ClCompile Include="polyfit\polyfit.c">
      <Filter>源文件\polyfit</Filter>
    </ClCompile>
    <ClCompile Include="DataMgr.cpp">
      <Filter>源文件</Filter>
    </ClCompile>
    <ClCompile Include="QueryFlow.cpp">
      <Filter>源文件</Filter>
    </ClCompile>
  </ItemGroup>
  <ItemGroup>
    <ClInclude Include="ColorfulConsole\TextAttrSetter.h">
      <Filter>头文件\ColorfulConsole</Filter>
    </ClInclude>
    <ClInclude Include="ColorfulConsole\Color.h">
      <Filter>头文件\ColorfulConsole</Filter>
    </ClInclude>
    <ClInclude Include="ColorfulConsole\ForeColorProxy.h">
      <Filter>头文件\ColorfulConsole</Filter>
    </ClInclude>
    <ClInclude Include="ColorfulConsole\GlobalEnvironment.h">
      <Filter>头文件\ColorfulConsole</Filter>
    </ClInclude>
    <ClInclude Include="ColorfulConsole\TextAttribute.h">
      <Filter>头文件\ColorfulConsole</Filter>
    </ClInclude>
    <ClInclude Include="Config.h">
      <Filter>头文件</Filter>
    </ClInclude>
    <ClInclude Include="FileIO.h">
      <Filter>头文件</Filter>
    </ClInclude>
    <ClInclude Include="PolyFuncData.h">
      <Filter>头文件</Filter>
    </ClInclude>
    <ClInclude Include="ColorfulConsole\CloEscString.h">
      <Filter>头文件\ColorfulConsole</Filter>
    </ClInclude>
    <ClInclude Include="polyfit\polyfit.h">
      <Filter>头文件\polyfit</Filter>
    </ClInclude>
    <ClInclude Include="json\json.hpp">
      <Filter>源文件\json</Filter>
    </ClInclude>
    <ClInclude Include="DataMgr.h">
      <Filter>头文件</Filter>
    </ClInclude>
    <ClInclude Include="QueryFlow.h">
      <Filter>头文件</Filter>
    </ClInclude>
  </ItemGroup>
</Project>