<?xml version="1.0" encoding="utf-8"?>
<Project ToolsVersion="4.0" xmlns="http://schemas.microsoft.com/developer/msbuild/2003">
  <ItemGroup>
    <Filter Include="源文件">
      <UniqueIdentifier>{4FC737F1-C7A5-4376-A066-2A32D752A2FF}</UniqueIdentifier>
      <Extensions>cpp;c;cc;cxx;c++;def;odl;idl;hpj;bat;asm;asmx</Extensions>
    </Filter>
    <Filter Include="头文件">
      <UniqueIdentifier>{93995380-89BD-4b04-88EB-625FBE52EBFB}</UniqueIdentifier>
      <Extensions>h;hh;hpp;hxx;h++;hm;inl;inc;ipp;xsd</Extensions>
    </Filter>
    <Filter Include="资源文件">
      <UniqueIdentifier>{67DA6AB6-F800-4c08-8B7A-83BB121AAD01}</UniqueIdentifier>
      <Extensions>rc;ico;cur;bmp;dlg;rc2;rct;bin;rgs;gif;jpg;jpeg;jpe;resx;tiff;tif;png;wav;mfcribbon-ms</Extensions>
    </Filter>
    <Filter Include="头文件\ColorfulConsole">
      <UniqueIdentifier>{c2e872de-97bc-45a3-944f-364022bf657e}</UniqueIdentifier>
    </Filter>
    <Filter Include="源文件\ColorfulConsole">
      <UniqueIdentifier>{ee6281df-5d98-4bde-b7cf-c2b7ae636f59}</UniqueIdentifier>
    </Filter>
    <Filter Include="头文件\polyfit">
      <UniqueIdentifier>{0e12e31f-1d9f-4ab5-b65a-2c45f8a7869f}</UniqueIdentifier>
    </Filter>
    <Filter Include="源文件\polyfit">
      <UniqueIdentifier>{7346c350-879e-46e9-91a5-9535316eed51}</UniqueIdentifier>
    </Filter>
    <Filter Include="源文件\json">
      <UniqueIdentifier>{a659799c-0673-492a-b99f-ec8eeae7ce7b}</UniqueIdentifier>
    </Filter>
    <Filter Include="源文件\ConAPIProx">
      <UniqueIdentifier>{f1484edc-f360-46a0-903b-2e03ba84df1b}</UniqueIdentifier>
    </Filter>
    <Filter Include="头文件\ConAPIProx">
      <UniqueIdentifier>{08639325-e2c9-4c2e-b41d-e91f231ee4db}</UniqueIdentifier>
    </Filter>
    <Filter Include="头文件\bcrypt">
      <UniqueIdentifier>{72d2617c-ee7c-42c5-b16c-b7013db30446}</UniqueIdentifier>
    </Filter>
    <Filter Include="源文件\bcrypt">
      <UniqueIdentifier>{3ded76cc-2626-47b7-b946-17b0dae9c0ee}</UniqueIdentifier>
    </Filter>
    <Filter Include="源文件\AES">
      <UniqueIdentifier>{d8e06f45-20d2-4525-a168-0684b21f9407}</UniqueIdentifier>
    </Filter>
    <Filter Include="源文件\cpp-base64">
      <UniqueIdentifier>{15640e90-4c59-41a3-822c-ff93e6286fcd}</UniqueIdentifier>
    </Filter>
    <Filter Include="源文件\PicoSHA2">
      <UniqueIdentifier>{0e006719-6ee4-4f72-8309-449eb67b6271}</UniqueIdentifier>
    </Filter>
  </ItemGroup>
  <ItemGroup>
    <ClCompile Include="ColorfulConsole\Color.cpp">
      <Filter>源文件\ColorfulConsole</Filter>
    </ClCompile>
    <ClCompile Include="ColorfulConsole\ForeColorProxy.cpp">
      <Filter>源文件\ColorfulConsole</Filter>
    </ClCompile>
    <ClCompile Include="ColorfulConsole\GlobalEnvironment.cpp">
      <Filter>源文件\ColorfulConsole</Filter>
    </ClCompile>
    <ClCompile Include="ColorfulConsole\TextAttribute.cpp">
      <Filter>源文件\ColorfulConsole</Filter>
    </ClCompile>
    <ClCompile Include="ColorfulConsole\TextAttrSetter.cpp">
      <Filter>源文件\ColorfulConsole</Filter>
    </ClCompile>
    <ClCompile Include="Config.cpp">
      <Filter>源文件</Filter>
    </ClCompile>
    <ClCompile Include="ColorwithJSON.h">
      <Filter>头文件</Filter>
    </ClCompile>
    <ClCompile Include="ColorwithJSON.cpp">
      <Filter>源文件</Filter>
    </ClCompile>
    <ClCompile Include="FileIO.cpp">
      <Filter>源文件</Filter>
    </ClCompile>
    <ClCompile Include="PolyFuncData.cpp">
      <Filter>源文件</Filter>
    </ClCompile>
    <ClCompile Include="ColorfulConsole\CloEscString.cpp">
      <Filter>源文件\ColorfulConsole</Filter>
    </ClCompile>
    <ClCompile Include="polyfit\polyfit.c">
      <Filter>源文件\polyfit</Filter>
    </ClCompile>
    <ClCompile Include="DataMgr.cpp">
      <Filter>源文件</Filter>
    </ClCompile>
    <ClCompile Include="QueryFlow.cpp">
      <Filter>源文件</Filter>
    </ClCompile>
    <ClCompile Include="ConAPIProx\Position.cpp">
      <Filter>源文件\ConAPIProx</Filter>
    </ClCompile>
    <ClCompile Include="ConAPIProx\Positioner.cpp">
      <Filter>源文件\ConAPIProx</Filter>
    </ClCompile>
    <ClCompile Include="ConAPIProx\Rect.cpp">
      <Filter>源文件\ConAPIProx</Filter>
    </ClCompile>
    <ClCompile Include="ConAPIProx\AttrBrash.cpp">
      <Filter>源文件\ConAPIProx</Filter>
    </ClCompile>
    <ClCompile Include="ConAPIProx\GetKey.cpp">
      <Filter>源文件\ConAPIProx</Filter>
    </ClCompile>
    <ClCompile Include="UserOper.cpp">
      <Filter>源文件</Filter>
    </ClCompile>
    <ClCompile Include="User.cpp">
      <Filter>源文件</Filter>
    </ClCompile>
    <ClCompile Include="UserMgr.cpp">
      <Filter>源文件</Filter>
    </ClCompile>
    <ClCompile Include="libbcrypt\src\crypt_blowfish.c">
      <Filter>源文件\bcrypt</Filter>
    </ClCompile>
    <ClCompile Include="libbcrypt\src\crypt_gensalt.c">
      <Filter>源文件\bcrypt</Filter>
    </ClCompile>
    <ClCompile Include="libbcrypt\src\wrapper.c">
      <Filter>源文件\bcrypt</Filter>
    </ClCompile>
    <ClCompile Include="libbcrypt\src\bcrypt.c">
      <Filter>源文件\bcrypt</Filter>
    </ClCompile>
    <ClCompile Include="AES\AES.cpp">
      <Filter>源文件\AES</Filter>
    </ClCompile>
    <ClCompile Include="cpp-base64\base64.cpp">
      <Filter>源文件\cpp-base64</Filter>
    </ClCompile>
    <ClCompile Include="StringUtiliy.h">
      <Filter>头文件</Filter>
    </ClCompile>
    <ClCompile Include="StringUtiliy.cpp">
      <Filter>源文件</Filter>
    </ClCompile>
  </ItemGroup>
  <ItemGroup>
    <ClInclude Include="ColorfulConsole\TextAttrSetter.h">
      <Filter>头文件\ColorfulConsole</Filter>
    </ClInclude>
    <ClInclude Include="ColorfulConsole\Color.h">
      <Filter>头文件\ColorfulConsole</Filter>
    </ClInclude>
    <ClInclude Include="ColorfulConsole\ForeColorProxy.h">
      <Filter>头文件\ColorfulConsole</Filter>
    </ClInclude>
    <ClInclude Include="ColorfulConsole\GlobalEnvironment.h">
      <Filter>头文件\ColorfulConsole</Filter>
    </ClInclude>
    <ClInclude Include="ColorfulConsole\TextAttribute.h">
      <Filter>头文件\ColorfulConsole</Filter>
    </ClInclude>
    <ClInclude Include="Config.h">
      <Filter>头文件</Filter>
    </ClInclude>
    <ClInclude Include="FileIO.h">
      <Filter>头文件</Filter>
    </ClInclude>
    <ClInclude Include="PolyFuncData.h">
      <Filter>头文件</Filter>
    </ClInclude>
    <ClInclude Include="ColorfulConsole\CloEscString.h">
      <Filter>头文件\ColorfulConsole</Filter>
    </ClInclude>
    <ClInclude Include="polyfit\polyfit.h">
      <Filter>头文件\polyfit</Filter>
    </ClInclude>
    <ClInclude Include="json\json.hpp">
      <Filter>源文件\json</Filter>
    </ClInclude>
    <ClInclude Include="DataMgr.h">
      <Filter>头文件</Filter>
    </ClInclude>
    <ClInclude Include="QueryFlow.h">
      <Filter>头文件</Filter>
    </ClInclude>
    <ClInclude Include="ConAPIProx\Position.h">
      <Filter>头文件\ConAPIProx</Filter>
    </ClInclude>
    <ClInclude Include="ConAPIProx\Positioner.h">
      <Filter>头文件\ConAPIProx</Filter>
    </ClInclude>
    <ClInclude Include="ConAPIProx\Rect.h">
      <Filter>头文件\ConAPIProx</Filter>
    </ClInclude>
    <ClInclude Include="ConAPIProx\AttrBrash.h">
      <Filter>头文件\ConAPIProx</Filter>
    </ClInclude>
    <ClInclude Include="ConAPIProx\GetKey.h">
      <Filter>头文件\ConAPIProx</Filter>
    </ClInclude>
    <ClInclude Include="UserOper.h">
      <Filter>头文件</Filter>
    </ClInclude>
    <ClInclude Include="User.h">
      <Filter>头文件</Filter>
    </ClInclude>
    <ClInclude Include="UserMgr.h">
      <Filter>头文件</Filter>
    </ClInclude>
    <ClInclude Include="libbcrypt\include\bcrypt\BCrypt.hpp">
      <Filter>头文件\bcrypt</Filter>
    </ClInclude>
    <ClInclude Include="libbcrypt\include\bcrypt\crypt.h">
      <Filter>头文件\bcrypt</Filter>
    </ClInclude>
    <ClInclude Include="libbcrypt\include\bcrypt\crypt_blowfish.h">
      <Filter>头文件\bcrypt</Filter>
    </ClInclude>
    <ClInclude Include="libbcrypt\include\bcrypt\crypt_gensalt.h">
      <Filter>头文件\bcrypt</Filter>
    </ClInclude>
    <ClInclude Include="libbcrypt\include\bcrypt\ow-crypt.h">
      <Filter>头文件\bcrypt</Filter>
    </ClInclude>
    <ClInclude Include="libbcrypt\include\bcrypt\winbcrypt.h">
      <Filter>头文件\bcrypt</Filter>
    </ClInclude>
    <ClInclude Include="libbcrypt\include\bcrypt\bcrypt.h">
      <Filter>头文件\bcrypt</Filter>
    </ClInclude>
    <ClInclude Include="AES\AES.h">
      <Filter>源文件\AES</Filter>
    </ClInclude>
    <ClInclude Include="cpp-base64\base64.h">
      <Filter>源文件\cpp-base64</Filter>
    </ClInclude>
    <ClInclude Include="PicoSHA2\picosha2.h">
      <Filter>源文件\PicoSHA2</Filter>
    </ClInclude>
  </ItemGroup>
  <ItemGroup>
    <Text Include="AES\CMakeLists.txt">
      <Filter>源文件\AES</Filter>
    </Text>
  </ItemGroup>
  <ItemGroup>
    <None Include="AES\LICENSE">
      <Filter>源文件\AES</Filter>
    </None>
    <None Include="AES\README.md">
      <Filter>源文件\AES</Filter>
    </None>
    <None Include="AES\.travis.yml">
      <Filter>源文件\AES</Filter>
    </None>
  </ItemGroup>
</Project>